
Microsoft Visual Studio Solution File, Format Version 12.00
# Visual Studio Version 17
VisualStudioVersion = 17.1.32328.378
MinimumVisualStudioVersion = 10.0.40219.1
Project("{FAE04EC0-301F-11D3-BF4B-00C04F79EFBC}") = "AccessSystemv2", "AccessSystemv2\AccessSystemv2.csproj", "{2AA6834D-E8A5-4359-A889-0E7E755467B6}"
EndProject
Global
	GlobalSection(SolutionConfigurationPlatforms) = preSolution
		Debug|Any CPU = Debug|Any CPU
		Release|Any CPU = Release|Any CPU
	EndGlobalSection
	GlobalSection(ProjectConfigurationPlatforms) = postSolution
		{2AA6834D-E8A5-4359-A889-0E7E755467B6}.Debug|Any CPU.ActiveCfg = Debug|Any CPU
		{2AA6834D-E8A5-4359-A889-0E7E755467B6}.Debug|Any CPU.Build.0 = Debug|Any CPU
		{2AA6834D-E8A5-4359-A889-0E7E755467B6}.Release|Any CPU.ActiveCfg = Release|Any CPU
		{2AA6834D-E8A5-4359-A889-0E7E755467B6}.Release|Any CPU.Build.0 = Release|Any CPU
	EndGlobalSection
	GlobalSection(SolutionProperties) = preSolution
		HideSolutionNode = FALSE
	EndGlobalSection
	GlobalSection(ExtensibilityGlobals) = postSolution
		SolutionGuid = {AAF4502F-3129-4812-9E4C-4D5234DA5CCA}
	EndGlobalSection
EndGlobal
